
Microsoft Visual Studio Solution File, Format Version 12.00
# Visual Studio Version 17
VisualStudioVersion = 17.9.34607.119
MinimumVisualStudioVersion = 10.0.40219.1
Project("{9A19103F-16F7-4668-BE54-9A1E7A4F7556}") = "WebApplicationTest", "WebApplicationTest\WebApplicationTest.csproj", "{64E3ABE1-F968-4E76-9EFB-C1ABEB575415}"
EndProject
Project("{9A19103F-16F7-4668-BE54-9A1E7A4F7556}") = "Business", "Business\Business.csproj", "{F8680AE2-6ACC-4947-8522-72A06DB6D30E}"
EndProject
Project("{9A19103F-16F7-4668-BE54-9A1E7A4F7556}") = "DataAccess", "DataAccess\DataAccess.csproj", "{075CEFC4-749C-4FE3-B3BE-348718614E4F}"
EndProject
Project("{9A19103F-16F7-4668-BE54-9A1E7A4F7556}") = "DTO", "DTO\DTO.csproj", "{FCE34742-CF3F-40A2-A762-56B423A11125}"
EndProject
Global
	GlobalSection(SolutionConfigurationPlatforms) = preSolution
		Debug|Any CPU = Debug|Any CPU
		Release|Any CPU = Release|Any CPU
	EndGlobalSection
	GlobalSection(ProjectConfigurationPlatforms) = postSolution
		{64E3ABE1-F968-4E76-9EFB-C1ABEB575415}.Debug|Any CPU.ActiveCfg = Debug|Any CPU
		{64E3ABE1-F968-4E76-9EFB-C1ABEB575415}.Debug|Any CPU.Build.0 = Debug|Any CPU
		{64E3ABE1-F968-4E76-9EFB-C1ABEB575415}.Release|Any CPU.ActiveCfg = Release|Any CPU
		{64E3ABE1-F968-4E76-9EFB-C1ABEB575415}.Release|Any CPU.Build.0 = Release|Any CPU
		{F8680AE2-6ACC-4947-8522-72A06DB6D30E}.Debug|Any CPU.ActiveCfg = Debug|Any CPU
		{F8680AE2-6ACC-4947-8522-72A06DB6D30E}.Debug|Any CPU.Build.0 = Debug|Any CPU
		{F8680AE2-6ACC-4947-8522-72A06DB6D30E}.Release|Any CPU.ActiveCfg = Release|Any CPU
		{F8680AE2-6ACC-4947-8522-72A06DB6D30E}.Release|Any CPU.Build.0 = Release|Any CPU
		{075CEFC4-749C-4FE3-B3BE-348718614E4F}.Debug|Any CPU.ActiveCfg = Debug|Any CPU
		{075CEFC4-749C-4FE3-B3BE-348718614E4F}.Debug|Any CPU.Build.0 = Debug|Any CPU
		{075CEFC4-749C-4FE3-B3BE-348718614E4F}.Release|Any CPU.ActiveCfg = Release|Any CPU
		{075CEFC4-749C-4FE3-B3BE-348718614E4F}.Release|Any CPU.Build.0 = Release|Any CPU
		{FCE34742-CF3F-40A2-A762-56B423A11125}.Debug|Any CPU.ActiveCfg = Debug|Any CPU
		{FCE34742-CF3F-40A2-A762-56B423A11125}.Debug|Any CPU.Build.0 = Debug|Any CPU
		{FCE34742-CF3F-40A2-A762-56B423A11125}.Release|Any CPU.ActiveCfg = Release|Any CPU
		{FCE34742-CF3F-40A2-A762-56B423A11125}.Release|Any CPU.Build.0 = Release|Any CPU
	EndGlobalSection
	GlobalSection(SolutionProperties) = preSolution
		HideSolutionNode = FALSE
	EndGlobalSection
	GlobalSection(ExtensibilityGlobals) = postSolution
		SolutionGuid = {64521B9C-48EA-4F83-9112-80421EBD1F34}
	EndGlobalSection
EndGlobal
